
Microsoft Visual Studio Solution File, Format Version 12.00
Project("{FAE04EC0-301F-11D3-BF4B-00C04F79EFBC}") = "Bump", "Bump\Bump.csproj", "{ACB4F504-32BD-4C4B-A8F4-A11D6256C79D}"
EndProject
Project("{FAE04EC0-301F-11D3-BF4B-00C04F79EFBC}") = "Entities", "Entities\Entities.csproj", "{697CD2F8-881A-4CFD-B1A0-80E9678A2AF5}"
EndProject
Project("{FAE04EC0-301F-11D3-BF4B-00C04F79EFBC}") = "Data", "Data\Data.csproj", "{36A58F48-5919-4656-8857-EDF6EB5CEB23}"
EndProject
Project("{FAE04EC0-301F-11D3-BF4B-00C04F79EFBC}") = "Tests", "Tests\Tests.csproj", "{B7310902-CEFC-4F44-B605-9E8D57EDB738}"
EndProject
Global
	GlobalSection(SolutionConfigurationPlatforms) = preSolution
		Debug|Any CPU = Debug|Any CPU
		Release|Any CPU = Release|Any CPU
	EndGlobalSection
	GlobalSection(ProjectConfigurationPlatforms) = postSolution
		{ACB4F504-32BD-4C4B-A8F4-A11D6256C79D}.Debug|Any CPU.ActiveCfg = Debug|Any CPU
		{ACB4F504-32BD-4C4B-A8F4-A11D6256C79D}.Debug|Any CPU.Build.0 = Debug|Any CPU
		{ACB4F504-32BD-4C4B-A8F4-A11D6256C79D}.Release|Any CPU.ActiveCfg = Release|Any CPU
		{ACB4F504-32BD-4C4B-A8F4-A11D6256C79D}.Release|Any CPU.Build.0 = Release|Any CPU
		{697CD2F8-881A-4CFD-B1A0-80E9678A2AF5}.Debug|Any CPU.ActiveCfg = Debug|Any CPU
		{697CD2F8-881A-4CFD-B1A0-80E9678A2AF5}.Debug|Any CPU.Build.0 = Debug|Any CPU
		{697CD2F8-881A-4CFD-B1A0-80E9678A2AF5}.Release|Any CPU.ActiveCfg = Release|Any CPU
		{697CD2F8-881A-4CFD-B1A0-80E9678A2AF5}.Release|Any CPU.Build.0 = Release|Any CPU
		{36A58F48-5919-4656-8857-EDF6EB5CEB23}.Debug|Any CPU.ActiveCfg = Debug|Any CPU
		{36A58F48-5919-4656-8857-EDF6EB5CEB23}.Debug|Any CPU.Build.0 = Debug|Any CPU
		{36A58F48-5919-4656-8857-EDF6EB5CEB23}.Release|Any CPU.ActiveCfg = Release|Any CPU
		{36A58F48-5919-4656-8857-EDF6EB5CEB23}.Release|Any CPU.Build.0 = Release|Any CPU
		{B7310902-CEFC-4F44-B605-9E8D57EDB738}.Debug|Any CPU.ActiveCfg = Debug|Any CPU
		{B7310902-CEFC-4F44-B605-9E8D57EDB738}.Debug|Any CPU.Build.0 = Debug|Any CPU
		{B7310902-CEFC-4F44-B605-9E8D57EDB738}.Release|Any CPU.ActiveCfg = Release|Any CPU
		{B7310902-CEFC-4F44-B605-9E8D57EDB738}.Release|Any CPU.Build.0 = Release|Any CPU
	EndGlobalSection
EndGlobal
